// !$*UTF8*$!
{
	archiveVersion = 1;
	classes = {
	};
	objectVersion = 50;
	objects = {

/* Begin PBXBuildFile section */
		FF3210E724CCCBA100FF0986 /* Portfolio.swift in Sources */ = {isa = PBXBuildFile; fileRef = FF3210E624CCCBA100FF0986 /* Portfolio.swift */; };
		FF90CC56248BC63300352AB1 /* Assets.xcassets in Resources */ = {isa = PBXBuildFile; fileRef = FF90CC55248BC63300352AB1 /* Assets.xcassets */; };
		FF90CC59248BC63300352AB1 /* Preview Assets.xcassets in Resources */ = {isa = PBXBuildFile; fileRef = FF90CC58248BC63300352AB1 /* Preview Assets.xcassets */; };
		FFB04929252BAECB0075BB79 /* PortfolioView.swift in Sources */ = {isa = PBXBuildFile; fileRef = FFB04928252BAECB0075BB79 /* PortfolioView.swift */; };
		FFB0492C252BAED70075BB79 /* ShareView.swift in Sources */ = {isa = PBXBuildFile; fileRef = FFB0492B252BAED70075BB79 /* ShareView.swift */; };
		FFB04930252BAF300075BB79 /* ShareViewModel.swift in Sources */ = {isa = PBXBuildFile; fileRef = FFB0492F252BAF300075BB79 /* ShareViewModel.swift */; };
		FFB04935252BAF8B0075BB79 /* Symbol.swift in Sources */ = {isa = PBXBuildFile; fileRef = FFB04934252BAF8B0075BB79 /* Symbol.swift */; };
		FFB04939252BAFAE0075BB79 /* Coordinator.swift in Sources */ = {isa = PBXBuildFile; fileRef = FFB04938252BAFAE0075BB79 /* Coordinator.swift */; };
		FFB04941252BB0220075BB79 /* LoadingView.swift in Sources */ = {isa = PBXBuildFile; fileRef = FFB04940252BB0220075BB79 /* LoadingView.swift */; };
		FFB04944252BB03E0075BB79 /* ErrorView.swift in Sources */ = {isa = PBXBuildFile; fileRef = FFB04943252BB03E0075BB79 /* ErrorView.swift */; };
		FFB04948252BB0D60075BB79 /* Error.swift in Sources */ = {isa = PBXBuildFile; fileRef = FFB04947252BB0D60075BB79 /* Error.swift */; };
		FFC677A9248D09ED00D16F6F /* PortfolioViewModel.swift in Sources */ = {isa = PBXBuildFile; fileRef = FFC677A8248D09ED00D16F6F /* PortfolioViewModel.swift */; };
		FFD0FAF9248BC9A4005FD94F /* NetworkLayer.swift in Sources */ = {isa = PBXBuildFile; fileRef = FFD0FAF8248BC9A4005FD94F /* NetworkLayer.swift */; };
/* End PBXBuildFile section */

/* Begin PBXFileReference section */
		FF3210E624CCCBA100FF0986 /* Portfolio.swift */ = {isa = PBXFileReference; lastKnownFileType = sourcecode.swift; path = Portfolio.swift; sourceTree = "<group>"; };
		FF90CC49248BC63200352AB1 /* Portfolio.app */ = {isa = PBXFileReference; explicitFileType = wrapper.application; includeInIndex = 0; path = Portfolio.app; sourceTree = BUILT_PRODUCTS_DIR; };
		FF90CC55248BC63300352AB1 /* Assets.xcassets */ = {isa = PBXFileReference; lastKnownFileType = folder.assetcatalog; path = Assets.xcassets; sourceTree = "<group>"; };
		FF90CC58248BC63300352AB1 /* Preview Assets.xcassets */ = {isa = PBXFileReference; lastKnownFileType = folder.assetcatalog; path = "Preview Assets.xcassets"; sourceTree = "<group>"; };
		FF90CC5D248BC63300352AB1 /* Info.plist */ = {isa = PBXFileReference; lastKnownFileType = text.plist.xml; path = Info.plist; sourceTree = "<group>"; };
		FFB04928252BAECB0075BB79 /* PortfolioView.swift */ = {isa = PBXFileReference; lastKnownFileType = sourcecode.swift; path = PortfolioView.swift; sourceTree = "<group>"; };
		FFB0492B252BAED70075BB79 /* ShareView.swift */ = {isa = PBXFileReference; lastKnownFileType = sourcecode.swift; path = ShareView.swift; sourceTree = "<group>"; };
		FFB0492F252BAF300075BB79 /* ShareViewModel.swift */ = {isa = PBXFileReference; lastKnownFileType = sourcecode.swift; path = ShareViewModel.swift; sourceTree = "<group>"; };
		FFB04934252BAF8B0075BB79 /* Symbol.swift */ = {isa = PBXFileReference; lastKnownFileType = sourcecode.swift; path = Symbol.swift; sourceTree = "<group>"; };
		FFB04938252BAFAE0075BB79 /* Coordinator.swift */ = {isa = PBXFileReference; lastKnownFileType = sourcecode.swift; path = Coordinator.swift; sourceTree = "<group>"; };
		FFB04940252BB0220075BB79 /* LoadingView.swift */ = {isa = PBXFileReference; lastKnownFileType = sourcecode.swift; path = LoadingView.swift; sourceTree = "<group>"; };
		FFB04943252BB03E0075BB79 /* ErrorView.swift */ = {isa = PBXFileReference; lastKnownFileType = sourcecode.swift; path = ErrorView.swift; sourceTree = "<group>"; };
		FFB04947252BB0D60075BB79 /* Error.swift */ = {isa = PBXFileReference; lastKnownFileType = sourcecode.swift; path = Error.swift; sourceTree = "<group>"; };
		FFC677A8248D09ED00D16F6F /* PortfolioViewModel.swift */ = {isa = PBXFileReference; lastKnownFileType = sourcecode.swift; path = PortfolioViewModel.swift; sourceTree = "<group>"; };
		FFD0FAF8248BC9A4005FD94F /* NetworkLayer.swift */ = {isa = PBXFileReference; lastKnownFileType = sourcecode.swift; path = NetworkLayer.swift; sourceTree = "<group>"; };
/* End PBXFileReference section */

/* Begin PBXFrameworksBuildPhase section */
		FF90CC46248BC63200352AB1 /* Frameworks */ = {
			isa = PBXFrameworksBuildPhase;
			buildActionMask = 2147483647;
			files = (
			);
			runOnlyForDeploymentPostprocessing = 0;
		};
/* End PBXFrameworksBuildPhase section */

/* Begin PBXGroup section */
		FF90CC40248BC63200352AB1 = {
			isa = PBXGroup;
			children = (
				FF90CC4B248BC63200352AB1 /* Portfolio */,
				FF90CC4A248BC63200352AB1 /* Products */,
			);
			sourceTree = "<group>";
		};
		FF90CC4A248BC63200352AB1 /* Products */ = {
			isa = PBXGroup;
			children = (
				FF90CC49248BC63200352AB1 /* Portfolio.app */,
			);
			name = Products;
			sourceTree = "<group>";
		};
		FF90CC4B248BC63200352AB1 /* Portfolio */ = {
			isa = PBXGroup;
			children = (
				FF3210E624CCCBA100FF0986 /* Portfolio.swift */,
				FFB04937252BAF9A0075BB79 /* Coordinator */,
				FFD0FAFA248BCB81005FD94F /* Model */,
				FFD0FAF4248BC778005FD94F /* Network */,
				FFD0FAF2248BC748005FD94F /* PortfolioView */,
				FFB04932252BAF3D0075BB79 /* ShareView */,
				FFB0493C252BAFEB0075BB79 /* Views */,
				FF90CC55248BC63300352AB1 /* Assets.xcassets */,
				FF90CC5D248BC63300352AB1 /* Info.plist */,
				FF90CC57248BC63300352AB1 /* Preview Content */,
			);
			path = Portfolio;
			sourceTree = "<group>";
		};
		FF90CC57248BC63300352AB1 /* Preview Content */ = {
			isa = PBXGroup;
			children = (
				FF90CC58248BC63300352AB1 /* Preview Assets.xcassets */,
			);
			path = "Preview Content";
			sourceTree = "<group>";
		};
		FFB04932252BAF3D0075BB79 /* ShareView */ = {
			isa = PBXGroup;
			children = (
				FFB0492B252BAED70075BB79 /* ShareView.swift */,
				FFB0492F252BAF300075BB79 /* ShareViewModel.swift */,
			);
			path = ShareView;
			sourceTree = "<group>";
		};
		FFB04937252BAF9A0075BB79 /* Coordinator */ = {
			isa = PBXGroup;
			children = (
				FFB04938252BAFAE0075BB79 /* Coordinator.swift */,
			);
			path = Coordinator;
			sourceTree = "<group>";
		};
		FFB0493C252BAFEB0075BB79 /* Views */ = {
			isa = PBXGroup;
			children = (
				FFB04943252BB03E0075BB79 /* ErrorView.swift */,
				FFB04940252BB0220075BB79 /* LoadingView.swift */,
			);
			path = Views;
			sourceTree = "<group>";
		};
		FFD0FAF2248BC748005FD94F /* PortfolioView */ = {
			isa = PBXGroup;
			children = (
				FFB04928252BAECB0075BB79 /* PortfolioView.swift */,
				FFC677A8248D09ED00D16F6F /* PortfolioViewModel.swift */,
			);
			path = PortfolioView;
			sourceTree = "<group>";
		};
		FFD0FAF4248BC778005FD94F /* Network */ = {
			isa = PBXGroup;
			children = (
				FFD0FAF8248BC9A4005FD94F /* NetworkLayer.swift */,
			);
			path = Network;
			sourceTree = "<group>";
		};
		FFD0FAFA248BCB81005FD94F /* Model */ = {
			isa = PBXGroup;
			children = (
				FFB04947252BB0D60075BB79 /* Error.swift */,
				FFB04934252BAF8B0075BB79 /* Symbol.swift */,
			);
			path = Model;
			sourceTree = "<group>";
		};
/* End PBXGroup section */

/* Begin PBXNativeTarget section */
		FF90CC48248BC63200352AB1 /* Portfolio */ = {
			isa = PBXNativeTarget;
			buildConfigurationList = FF90CC60248BC63300352AB1 /* Build configuration list for PBXNativeTarget "Portfolio" */;
			buildPhases = (
				FF90CC45248BC63200352AB1 /* Sources */,
				FF90CC46248BC63200352AB1 /* Frameworks */,
				FF90CC47248BC63200352AB1 /* Resources */,
			);
			buildRules = (
			);
			dependencies = (
			);
			name = Portfolio;
			packageProductDependencies = (
			);
			productName = Portfolio;
			productReference = FF90CC49248BC63200352AB1 /* Portfolio.app */;
			productType = "com.apple.product-type.application";
		};
/* End PBXNativeTarget section */

/* Begin PBXProject section */
		FF90CC41248BC63200352AB1 /* Project object */ = {
			isa = PBXProject;
			attributes = {
				LastSwiftUpdateCheck = 1140;
				LastUpgradeCheck = 1200;
				ORGANIZATIONNAME = "Paul Weichhart";
				TargetAttributes = {
					FF90CC48248BC63200352AB1 = {
						CreatedOnToolsVersion = 11.4.1;
					};
				};
			};
			buildConfigurationList = FF90CC44248BC63200352AB1 /* Build configuration list for PBXProject "Portfolio" */;
			compatibilityVersion = "Xcode 9.3";
			developmentRegion = en;
			hasScannedForEncodings = 0;
			knownRegions = (
				en,
				Base,
			);
			mainGroup = FF90CC40248BC63200352AB1;
			packageReferences = (
			);
			productRefGroup = FF90CC4A248BC63200352AB1 /* Products */;
			projectDirPath = "";
			projectRoot = "";
			targets = (
				FF90CC48248BC63200352AB1 /* Portfolio */,
			);
		};
/* End PBXProject section */

/* Begin PBXResourcesBuildPhase section */
		FF90CC47248BC63200352AB1 /* Resources */ = {
			isa = PBXResourcesBuildPhase;
			buildActionMask = 2147483647;
			files = (
				FF90CC59248BC63300352AB1 /* Preview Assets.xcassets in Resources */,
				FF90CC56248BC63300352AB1 /* Assets.xcassets in Resources */,
			);
			runOnlyForDeploymentPostprocessing = 0;
		};
/* End PBXResourcesBuildPhase section */

/* Begin PBXSourcesBuildPhase section */
		FF90CC45248BC63200352AB1 /* Sources */ = {
			isa = PBXSourcesBuildPhase;
			buildActionMask = 2147483647;
			files = (
				FFB04939252BAFAE0075BB79 /* Coordinator.swift in Sources */,
				FFB04930252BAF300075BB79 /* ShareViewModel.swift in Sources */,
				FFB04941252BB0220075BB79 /* LoadingView.swift in Sources */,
				FFB04948252BB0D60075BB79 /* Error.swift in Sources */,
				FFB0492C252BAED70075BB79 /* ShareView.swift in Sources */,
				FFD0FAF9248BC9A4005FD94F /* NetworkLayer.swift in Sources */,
				FF3210E724CCCBA100FF0986 /* Portfolio.swift in Sources */,
				FFB04935252BAF8B0075BB79 /* Symbol.swift in Sources */,
				FFC677A9248D09ED00D16F6F /* PortfolioViewModel.swift in Sources */,
				FFB04929252BAECB0075BB79 /* PortfolioView.swift in Sources */,
				FFB04944252BB03E0075BB79 /* ErrorView.swift in Sources */,
			);
			runOnlyForDeploymentPostprocessing = 0;
		};
/* End PBXSourcesBuildPhase section */

/* Begin XCBuildConfiguration section */
		FF90CC5E248BC63300352AB1 /* Debug */ = {
			isa = XCBuildConfiguration;
			buildSettings = {
				ALWAYS_SEARCH_USER_PATHS = NO;
				CLANG_ANALYZER_NONNULL = YES;
				CLANG_ANALYZER_NUMBER_OBJECT_CONVERSION = YES_AGGRESSIVE;
				CLANG_CXX_LANGUAGE_STANDARD = "gnu++14";
				CLANG_CXX_LIBRARY = "libc++";
				CLANG_ENABLE_MODULES = YES;
				CLANG_ENABLE_OBJC_ARC = YES;
				CLANG_ENABLE_OBJC_WEAK = YES;
				CLANG_WARN_BLOCK_CAPTURE_AUTORELEASING = YES;
				CLANG_WARN_BOOL_CONVERSION = YES;
				CLANG_WARN_COMMA = YES;
				CLANG_WARN_CONSTANT_CONVERSION = YES;
				CLANG_WARN_DEPRECATED_OBJC_IMPLEMENTATIONS = YES;
				CLANG_WARN_DIRECT_OBJC_ISA_USAGE = YES_ERROR;
				CLANG_WARN_DOCUMENTATION_COMMENTS = YES;
				CLANG_WARN_EMPTY_BODY = YES;
				CLANG_WARN_ENUM_CONVERSION = YES;
				CLANG_WARN_INFINITE_RECURSION = YES;
				CLANG_WARN_INT_CONVERSION = YES;
				CLANG_WARN_NON_LITERAL_NULL_CONVERSION = YES;
				CLANG_WARN_OBJC_IMPLICIT_RETAIN_SELF = YES;
				CLANG_WARN_OBJC_LITERAL_CONVERSION = YES;
				CLANG_WARN_OBJC_ROOT_CLASS = YES_ERROR;
				CLANG_WARN_QUOTED_INCLUDE_IN_FRAMEWORK_HEADER = YES;
				CLANG_WARN_RANGE_LOOP_ANALYSIS = YES;
				CLANG_WARN_STRICT_PROTOTYPES = YES;
				CLANG_WARN_SUSPICIOUS_MOVE = YES;
				CLANG_WARN_UNGUARDED_AVAILABILITY = YES_AGGRESSIVE;
				CLANG_WARN_UNREACHABLE_CODE = YES;
				CLANG_WARN__DUPLICATE_METHOD_MATCH = YES;
				COPY_PHASE_STRIP = NO;
				DEBUG_INFORMATION_FORMAT = dwarf;
				ENABLE_STRICT_OBJC_MSGSEND = YES;
				ENABLE_TESTABILITY = YES;
				GCC_C_LANGUAGE_STANDARD = gnu11;
				GCC_DYNAMIC_NO_PIC = NO;
				GCC_NO_COMMON_BLOCKS = YES;
				GCC_OPTIMIZATION_LEVEL = 0;
				GCC_PREPROCESSOR_DEFINITIONS = (
					"DEBUG=1",
					"$(inherited)",
				);
				GCC_WARN_64_TO_32_BIT_CONVERSION = YES;
				GCC_WARN_ABOUT_RETURN_TYPE = YES_ERROR;
				GCC_WARN_UNDECLARED_SELECTOR = YES;
				GCC_WARN_UNINITIALIZED_AUTOS = YES_AGGRESSIVE;
				GCC_WARN_UNUSED_FUNCTION = YES;
				GCC_WARN_UNUSED_VARIABLE = YES;
				IPHONEOS_DEPLOYMENT_TARGET = 14.0;
				MTL_ENABLE_DEBUG_INFO = INCLUDE_SOURCE;
				MTL_FAST_MATH = YES;
				ONLY_ACTIVE_ARCH = YES;
				SDKROOT = iphoneos;
				SWIFT_ACTIVE_COMPILATION_CONDITIONS = DEBUG;
				SWIFT_OPTIMIZATION_LEVEL = "-Onone";
				SWIFT_VERSION = 5.0;
			};
			name = Debug;
		};
		FF90CC5F248BC63300352AB1 /* Release */ = {
			isa = XCBuildConfiguration;
			buildSettings = {
				ALWAYS_SEARCH_USER_PATHS = NO;
				CLANG_ANALYZER_NONNULL = YES;
				CLANG_ANALYZER_NUMBER_OBJECT_CONVERSION = YES_AGGRESSIVE;
				CLANG_CXX_LANGUAGE_STANDARD = "gnu++14";
				CLANG_CXX_LIBRARY = "libc++";
				CLANG_ENABLE_MODULES = YES;
				CLANG_ENABLE_OBJC_ARC = YES;
				CLANG_ENABLE_OBJC_WEAK = YES;
				CLANG_WARN_BLOCK_CAPTURE_AUTORELEASING = YES;
				CLANG_WARN_BOOL_CONVERSION = YES;
				CLANG_WARN_COMMA = YES;
				CLANG_WARN_CONSTANT_CONVERSION = YES;
				CLANG_WARN_DEPRECATED_OBJC_IMPLEMENTATIONS = YES;
				CLANG_WARN_DIRECT_OBJC_ISA_USAGE = YES_ERROR;
				CLANG_WARN_DOCUMENTATION_COMMENTS = YES;
				CLANG_WARN_EMPTY_BODY = YES;
				CLANG_WARN_ENUM_CONVERSION = YES;
				CLANG_WARN_INFINITE_RECURSION = YES;
				CLANG_WARN_INT_CONVERSION = YES;
				CLANG_WARN_NON_LITERAL_NULL_CONVERSION = YES;
				CLANG_WARN_OBJC_IMPLICIT_RETAIN_SELF = YES;
				CLANG_WARN_OBJC_LITERAL_CONVERSION = YES;
				CLANG_WARN_OBJC_ROOT_CLASS = YES_ERROR;
				CLANG_WARN_QUOTED_INCLUDE_IN_FRAMEWORK_HEADER = YES;
				CLANG_WARN_RANGE_LOOP_ANALYSIS = YES;
				CLANG_WARN_STRICT_PROTOTYPES = YES;
				CLANG_WARN_SUSPICIOUS_MOVE = YES;
				CLANG_WARN_UNGUARDED_AVAILABILITY = YES_AGGRESSIVE;
				CLANG_WARN_UNREACHABLE_CODE = YES;
				CLANG_WARN__DUPLICATE_METHOD_MATCH = YES;
				COPY_PHASE_STRIP = NO;
				DEBUG_INFORMATION_FORMAT = "dwarf-with-dsym";
				ENABLE_NS_ASSERTIONS = NO;
				ENABLE_STRICT_OBJC_MSGSEND = YES;
				GCC_C_LANGUAGE_STANDARD = gnu11;
				GCC_NO_COMMON_BLOCKS = YES;
				GCC_WARN_64_TO_32_BIT_CONVERSION = YES;
				GCC_WARN_ABOUT_RETURN_TYPE = YES_ERROR;
				GCC_WARN_UNDECLARED_SELECTOR = YES;
				GCC_WARN_UNINITIALIZED_AUTOS = YES_AGGRESSIVE;
				GCC_WARN_UNUSED_FUNCTION = YES;
				GCC_WARN_UNUSED_VARIABLE = YES;
				IPHONEOS_DEPLOYMENT_TARGET = 14.0;
				MTL_ENABLE_DEBUG_INFO = NO;
				MTL_FAST_MATH = YES;
				SDKROOT = iphoneos;
				SWIFT_COMPILATION_MODE = wholemodule;
				SWIFT_OPTIMIZATION_LEVEL = "-O";
				SWIFT_VERSION = 5.0;
				VALIDATE_PRODUCT = YES;
			};
			name = Release;
		};
		FF90CC61248BC63300352AB1 /* Debug */ = {
			isa = XCBuildConfiguration;
			buildSettings = {
				ASSETCATALOG_COMPILER_APPICON_NAME = AppIcon;
				CODE_SIGN_STYLE = Automatic;
				DEVELOPMENT_ASSET_PATHS = "\"Portfolio/Preview Content\"";
				DEVELOPMENT_TEAM = M5E86B9E63;
				ENABLE_PREVIEWS = YES;
				INFOPLIST_FILE = Portfolio/Info.plist;
				IPHONEOS_DEPLOYMENT_TARGET = 14.0;
				LD_RUNPATH_SEARCH_PATHS = (
					"$(inherited)",
					"@executable_path/Frameworks",
				);
				PRODUCT_BUNDLE_IDENTIFIER = com.paulweichhart.Portfolio;
				PRODUCT_NAME = "$(TARGET_NAME)";
				TARGETED_DEVICE_FAMILY = "1,2";
			};
			name = Debug;
		};
		FF90CC62248BC63300352AB1 /* Release */ = {
			isa = XCBuildConfiguration;
			buildSettings = {
				ASSETCATALOG_COMPILER_APPICON_NAME = AppIcon;
				CODE_SIGN_STYLE = Automatic;
				DEVELOPMENT_ASSET_PATHS = "\"Portfolio/Preview Content\"";
				DEVELOPMENT_TEAM = M5E86B9E63;
				ENABLE_PREVIEWS = YES;
				INFOPLIST_FILE = Portfolio/Info.plist;
				IPHONEOS_DEPLOYMENT_TARGET = 14.0;
				LD_RUNPATH_SEARCH_PATHS = (
					"$(inherited)",
					"@executable_path/Frameworks",
				);
				PRODUCT_BUNDLE_IDENTIFIER = com.paulweichhart.Portfolio;
				PRODUCT_NAME = "$(TARGET_NAME)";
				TARGETED_DEVICE_FAMILY = "1,2";
			};
			name = Release;
		};
/* End XCBuildConfiguration section */

/* Begin XCConfigurationList section */
		FF90CC44248BC63200352AB1 /* Build configuration list for PBXProject "Portfolio" */ = {
			isa = XCConfigurationList;
			buildConfigurations = (
				FF90CC5E248BC63300352AB1 /* Debug */,
				FF90CC5F248BC63300352AB1 /* Release */,
			);
			defaultConfigurationIsVisible = 0;
			defaultConfigurationName = Release;
		};
		FF90CC60248BC63300352AB1 /* Build configuration list for PBXNativeTarget "Portfolio" */ = {
			isa = XCConfigurationList;
			buildConfigurations = (
				FF90CC61248BC63300352AB1 /* Debug */,
				FF90CC62248BC63300352AB1 /* Release */,
			);
			defaultConfigurationIsVisible = 0;
			defaultConfigurationName = Release;
		};
/* End XCConfigurationList section */
	};
	rootObject = FF90CC41248BC63200352AB1 /* Project object */;
}
