// !$*UTF8*$!
{
	archiveVersion = 1;
	classes = {
	};
	objectVersion = 50;
	objects = {

/* Begin PBXBuildFile section */
		FF0476C625349F8300F9B422 /* NetworkLayer.swift in Sources */ = {isa = PBXBuildFile; fileRef = FFD0FAF8248BC9A4005FD94F /* NetworkLayer.swift */; };
		FF0476CA25349F8C00F9B422 /* Coordinator.swift in Sources */ = {isa = PBXBuildFile; fileRef = FFB04938252BAFAE0075BB79 /* Coordinator.swift */; };
		FF0476CE25349F8F00F9B422 /* Error.swift in Sources */ = {isa = PBXBuildFile; fileRef = FFB04947252BB0D60075BB79 /* Error.swift */; };
		FF0476D225349F9500F9B422 /* PortfolioView.swift in Sources */ = {isa = PBXBuildFile; fileRef = FFB04928252BAECB0075BB79 /* PortfolioView.swift */; };
		FF0476D625349F9700F9B422 /* PortfolioViewModel.swift in Sources */ = {isa = PBXBuildFile; fileRef = FFC677A8248D09ED00D16F6F /* PortfolioViewModel.swift */; };
		FF0476DA25349F9B00F9B422 /* ShareView.swift in Sources */ = {isa = PBXBuildFile; fileRef = FFB0492B252BAED70075BB79 /* ShareView.swift */; };
		FF0476DE25349F9D00F9B422 /* ShareViewModel.swift in Sources */ = {isa = PBXBuildFile; fileRef = FFB0492F252BAF300075BB79 /* ShareViewModel.swift */; };
		FF0476E225349FA100F9B422 /* ErrorView.swift in Sources */ = {isa = PBXBuildFile; fileRef = FFB04943252BB03E0075BB79 /* ErrorView.swift */; };
		FF0476E625349FA300F9B422 /* LoadingView.swift in Sources */ = {isa = PBXBuildFile; fileRef = FFB04940252BB0220075BB79 /* LoadingView.swift */; };
		FF0476EE2534A3D400F9B422 /* PortfolioWatchView.swift in Sources */ = {isa = PBXBuildFile; fileRef = FF0476ED2534A3D400F9B422 /* PortfolioWatchView.swift */; };
		FF0476F72534A6B500F9B422 /* Utility.swift in Sources */ = {isa = PBXBuildFile; fileRef = FF0476F62534A6B500F9B422 /* Utility.swift */; };
		FF0476F82534A6B500F9B422 /* Utility.swift in Sources */ = {isa = PBXBuildFile; fileRef = FF0476F62534A6B500F9B422 /* Utility.swift */; };
		FF25D5A1252F9EAB00F76BE5 /* Assets.xcassets in Resources */ = {isa = PBXBuildFile; fileRef = FF25D5A0252F9EAB00F76BE5 /* Assets.xcassets */; };
		FF25D5A8252F9EAB00F76BE5 /* WatchPortfolio Extension.appex in Embed App Extensions */ = {isa = PBXBuildFile; fileRef = FF25D5A7252F9EAB00F76BE5 /* WatchPortfolio Extension.appex */; settings = {ATTRIBUTES = (RemoveHeadersOnCopy, ); }; };
		FF25D5AD252F9EAC00F76BE5 /* PortfolioWatchApp.swift in Sources */ = {isa = PBXBuildFile; fileRef = FF25D5AC252F9EAC00F76BE5 /* PortfolioWatchApp.swift */; };
		FF25D5B7252F9EAC00F76BE5 /* Assets.xcassets in Resources */ = {isa = PBXBuildFile; fileRef = FF25D5B6252F9EAC00F76BE5 /* Assets.xcassets */; };
		FF25D5BA252F9EAC00F76BE5 /* Preview Assets.xcassets in Resources */ = {isa = PBXBuildFile; fileRef = FF25D5B9252F9EAC00F76BE5 /* Preview Assets.xcassets */; };
		FF25D5BF252F9EAC00F76BE5 /* WatchPortfolio.app in Embed Watch Content */ = {isa = PBXBuildFile; fileRef = FF25D59E252F9EAB00F76BE5 /* WatchPortfolio.app */; settings = {ATTRIBUTES = (RemoveHeadersOnCopy, ); }; };
		FF25D5CB252F9F1C00F76BE5 /* Symbol.swift in Sources */ = {isa = PBXBuildFile; fileRef = FFB04934252BAF8B0075BB79 /* Symbol.swift */; };
		FF3210E724CCCBA100FF0986 /* PortfolioApp.swift in Sources */ = {isa = PBXBuildFile; fileRef = FF3210E624CCCBA100FF0986 /* PortfolioApp.swift */; };
		FF90CC56248BC63300352AB1 /* Assets.xcassets in Resources */ = {isa = PBXBuildFile; fileRef = FF90CC55248BC63300352AB1 /* Assets.xcassets */; };
		FF90CC59248BC63300352AB1 /* Preview Assets.xcassets in Resources */ = {isa = PBXBuildFile; fileRef = FF90CC58248BC63300352AB1 /* Preview Assets.xcassets */; };
		FFA5E779253A48B00078CFA4 /* Coordinator+Extension.swift in Sources */ = {isa = PBXBuildFile; fileRef = FFA5E778253A48B00078CFA4 /* Coordinator+Extension.swift */; };
		FFA5E784253A4C800078CFA4 /* Coordinator+WatchExtension.swift in Sources */ = {isa = PBXBuildFile; fileRef = FFA5E783253A4C800078CFA4 /* Coordinator+WatchExtension.swift */; };
		FFB04929252BAECB0075BB79 /* PortfolioView.swift in Sources */ = {isa = PBXBuildFile; fileRef = FFB04928252BAECB0075BB79 /* PortfolioView.swift */; };
		FFB0492C252BAED70075BB79 /* ShareView.swift in Sources */ = {isa = PBXBuildFile; fileRef = FFB0492B252BAED70075BB79 /* ShareView.swift */; };
		FFB04930252BAF300075BB79 /* ShareViewModel.swift in Sources */ = {isa = PBXBuildFile; fileRef = FFB0492F252BAF300075BB79 /* ShareViewModel.swift */; };
		FFB04935252BAF8B0075BB79 /* Symbol.swift in Sources */ = {isa = PBXBuildFile; fileRef = FFB04934252BAF8B0075BB79 /* Symbol.swift */; };
		FFB04939252BAFAE0075BB79 /* Coordinator.swift in Sources */ = {isa = PBXBuildFile; fileRef = FFB04938252BAFAE0075BB79 /* Coordinator.swift */; };
		FFB04941252BB0220075BB79 /* LoadingView.swift in Sources */ = {isa = PBXBuildFile; fileRef = FFB04940252BB0220075BB79 /* LoadingView.swift */; };
		FFB04944252BB03E0075BB79 /* ErrorView.swift in Sources */ = {isa = PBXBuildFile; fileRef = FFB04943252BB03E0075BB79 /* ErrorView.swift */; };
		FFB04948252BB0D60075BB79 /* Error.swift in Sources */ = {isa = PBXBuildFile; fileRef = FFB04947252BB0D60075BB79 /* Error.swift */; };
		FFC677A9248D09ED00D16F6F /* PortfolioViewModel.swift in Sources */ = {isa = PBXBuildFile; fileRef = FFC677A8248D09ED00D16F6F /* PortfolioViewModel.swift */; };
		FFD0FAF9248BC9A4005FD94F /* NetworkLayer.swift in Sources */ = {isa = PBXBuildFile; fileRef = FFD0FAF8248BC9A4005FD94F /* NetworkLayer.swift */; };
		FFFCD276253A3C530063C7DD /* ShareWatchView.swift in Sources */ = {isa = PBXBuildFile; fileRef = FFFCD274253A3C530063C7DD /* ShareWatchView.swift */; };
/* End PBXBuildFile section */

/* Begin PBXContainerItemProxy section */
		FF25D5A9252F9EAB00F76BE5 /* PBXContainerItemProxy */ = {
			isa = PBXContainerItemProxy;
			containerPortal = FF90CC41248BC63200352AB1 /* Project object */;
			proxyType = 1;
			remoteGlobalIDString = FF25D5A6252F9EAB00F76BE5;
			remoteInfo = "WatchPortfolio Extension";
		};
		FF25D5BD252F9EAC00F76BE5 /* PBXContainerItemProxy */ = {
			isa = PBXContainerItemProxy;
			containerPortal = FF90CC41248BC63200352AB1 /* Project object */;
			proxyType = 1;
			remoteGlobalIDString = FF25D59D252F9EAB00F76BE5;
			remoteInfo = WatchPortfolio;
		};
/* End PBXContainerItemProxy section */

/* Begin PBXCopyFilesBuildPhase section */
		FF25D5C0252F9EAC00F76BE5 /* Embed Watch Content */ = {
			isa = PBXCopyFilesBuildPhase;
			buildActionMask = 2147483647;
			dstPath = "$(CONTENTS_FOLDER_PATH)/Watch";
			dstSubfolderSpec = 16;
			files = (
				FF25D5BF252F9EAC00F76BE5 /* WatchPortfolio.app in Embed Watch Content */,
			);
			name = "Embed Watch Content";
			runOnlyForDeploymentPostprocessing = 0;
		};
		FF25D5C3252F9EAC00F76BE5 /* Embed App Extensions */ = {
			isa = PBXCopyFilesBuildPhase;
			buildActionMask = 2147483647;
			dstPath = "";
			dstSubfolderSpec = 13;
			files = (
				FF25D5A8252F9EAB00F76BE5 /* WatchPortfolio Extension.appex in Embed App Extensions */,
			);
			name = "Embed App Extensions";
			runOnlyForDeploymentPostprocessing = 0;
		};
/* End PBXCopyFilesBuildPhase section */

/* Begin PBXFileReference section */
		FF0476ED2534A3D400F9B422 /* PortfolioWatchView.swift */ = {isa = PBXFileReference; lastKnownFileType = sourcecode.swift; path = PortfolioWatchView.swift; sourceTree = "<group>"; };
		FF0476F62534A6B500F9B422 /* Utility.swift */ = {isa = PBXFileReference; lastKnownFileType = sourcecode.swift; path = Utility.swift; sourceTree = "<group>"; };
		FF25D59E252F9EAB00F76BE5 /* WatchPortfolio.app */ = {isa = PBXFileReference; explicitFileType = wrapper.application; includeInIndex = 0; path = WatchPortfolio.app; sourceTree = BUILT_PRODUCTS_DIR; };
		FF25D5A0252F9EAB00F76BE5 /* Assets.xcassets */ = {isa = PBXFileReference; lastKnownFileType = folder.assetcatalog; path = Assets.xcassets; sourceTree = "<group>"; };
		FF25D5A2252F9EAB00F76BE5 /* Info.plist */ = {isa = PBXFileReference; lastKnownFileType = text.plist.xml; path = Info.plist; sourceTree = "<group>"; };
		FF25D5A7252F9EAB00F76BE5 /* WatchPortfolio Extension.appex */ = {isa = PBXFileReference; explicitFileType = "wrapper.app-extension"; includeInIndex = 0; path = "WatchPortfolio Extension.appex"; sourceTree = BUILT_PRODUCTS_DIR; };
		FF25D5AC252F9EAC00F76BE5 /* PortfolioWatchApp.swift */ = {isa = PBXFileReference; lastKnownFileType = sourcecode.swift; path = PortfolioWatchApp.swift; sourceTree = "<group>"; };
		FF25D5B6252F9EAC00F76BE5 /* Assets.xcassets */ = {isa = PBXFileReference; lastKnownFileType = folder.assetcatalog; path = Assets.xcassets; sourceTree = "<group>"; };
		FF25D5B9252F9EAC00F76BE5 /* Preview Assets.xcassets */ = {isa = PBXFileReference; lastKnownFileType = folder.assetcatalog; path = "Preview Assets.xcassets"; sourceTree = "<group>"; };
		FF25D5BB252F9EAC00F76BE5 /* Info.plist */ = {isa = PBXFileReference; lastKnownFileType = text.plist.xml; path = Info.plist; sourceTree = "<group>"; };
		FF25D5BC252F9EAC00F76BE5 /* PushNotificationPayload.apns */ = {isa = PBXFileReference; lastKnownFileType = text; path = PushNotificationPayload.apns; sourceTree = "<group>"; };
		FF3210E624CCCBA100FF0986 /* PortfolioApp.swift */ = {isa = PBXFileReference; lastKnownFileType = sourcecode.swift; path = PortfolioApp.swift; sourceTree = "<group>"; };
		FF90CC49248BC63200352AB1 /* Portfolio.app */ = {isa = PBXFileReference; explicitFileType = wrapper.application; includeInIndex = 0; path = Portfolio.app; sourceTree = BUILT_PRODUCTS_DIR; };
		FF90CC55248BC63300352AB1 /* Assets.xcassets */ = {isa = PBXFileReference; lastKnownFileType = folder.assetcatalog; path = Assets.xcassets; sourceTree = "<group>"; };
		FF90CC58248BC63300352AB1 /* Preview Assets.xcassets */ = {isa = PBXFileReference; lastKnownFileType = folder.assetcatalog; path = "Preview Assets.xcassets"; sourceTree = "<group>"; };
		FF90CC5D248BC63300352AB1 /* Info.plist */ = {isa = PBXFileReference; lastKnownFileType = text.plist.xml; path = Info.plist; sourceTree = "<group>"; };
		FFA5E778253A48B00078CFA4 /* Coordinator+Extension.swift */ = {isa = PBXFileReference; lastKnownFileType = sourcecode.swift; path = "Coordinator+Extension.swift"; sourceTree = "<group>"; };
		FFA5E783253A4C800078CFA4 /* Coordinator+WatchExtension.swift */ = {isa = PBXFileReference; lastKnownFileType = sourcecode.swift; path = "Coordinator+WatchExtension.swift"; sourceTree = "<group>"; };
		FFB04928252BAECB0075BB79 /* PortfolioView.swift */ = {isa = PBXFileReference; lastKnownFileType = sourcecode.swift; path = PortfolioView.swift; sourceTree = "<group>"; };
		FFB0492B252BAED70075BB79 /* ShareView.swift */ = {isa = PBXFileReference; lastKnownFileType = sourcecode.swift; path = ShareView.swift; sourceTree = "<group>"; };
		FFB0492F252BAF300075BB79 /* ShareViewModel.swift */ = {isa = PBXFileReference; lastKnownFileType = sourcecode.swift; path = ShareViewModel.swift; sourceTree = "<group>"; };
		FFB04934252BAF8B0075BB79 /* Symbol.swift */ = {isa = PBXFileReference; lastKnownFileType = sourcecode.swift; path = Symbol.swift; sourceTree = "<group>"; };
		FFB04938252BAFAE0075BB79 /* Coordinator.swift */ = {isa = PBXFileReference; lastKnownFileType = sourcecode.swift; path = Coordinator.swift; sourceTree = "<group>"; };
		FFB04940252BB0220075BB79 /* LoadingView.swift */ = {isa = PBXFileReference; lastKnownFileType = sourcecode.swift; path = LoadingView.swift; sourceTree = "<group>"; };
		FFB04943252BB03E0075BB79 /* ErrorView.swift */ = {isa = PBXFileReference; lastKnownFileType = sourcecode.swift; path = ErrorView.swift; sourceTree = "<group>"; };
		FFB04947252BB0D60075BB79 /* Error.swift */ = {isa = PBXFileReference; lastKnownFileType = sourcecode.swift; path = Error.swift; sourceTree = "<group>"; };
		FFC677A8248D09ED00D16F6F /* PortfolioViewModel.swift */ = {isa = PBXFileReference; lastKnownFileType = sourcecode.swift; path = PortfolioViewModel.swift; sourceTree = "<group>"; };
		FFD0FAF8248BC9A4005FD94F /* NetworkLayer.swift */ = {isa = PBXFileReference; lastKnownFileType = sourcecode.swift; path = NetworkLayer.swift; sourceTree = "<group>"; };
		FFFCD274253A3C530063C7DD /* ShareWatchView.swift */ = {isa = PBXFileReference; lastKnownFileType = sourcecode.swift; path = ShareWatchView.swift; sourceTree = "<group>"; };
/* End PBXFileReference section */

/* Begin PBXFrameworksBuildPhase section */
		FF25D5A4252F9EAB00F76BE5 /* Frameworks */ = {
			isa = PBXFrameworksBuildPhase;
			buildActionMask = 2147483647;
			files = (
			);
			runOnlyForDeploymentPostprocessing = 0;
		};
		FF90CC46248BC63200352AB1 /* Frameworks */ = {
			isa = PBXFrameworksBuildPhase;
			buildActionMask = 2147483647;
			files = (
			);
			runOnlyForDeploymentPostprocessing = 0;
		};
/* End PBXFrameworksBuildPhase section */

/* Begin PBXGroup section */
		FF0476F52534A69700F9B422 /* Utility */ = {
			isa = PBXGroup;
			children = (
				FF0476F62534A6B500F9B422 /* Utility.swift */,
			);
			path = Utility;
			sourceTree = "<group>";
		};
		FF25D59F252F9EAB00F76BE5 /* WatchPortfolio */ = {
			isa = PBXGroup;
			children = (
				FF25D5A0252F9EAB00F76BE5 /* Assets.xcassets */,
				FF25D5A2252F9EAB00F76BE5 /* Info.plist */,
			);
			path = WatchPortfolio;
			sourceTree = "<group>";
		};
		FF25D5AB252F9EAC00F76BE5 /* WatchPortfolio Extension */ = {
			isa = PBXGroup;
			children = (
				FF25D5AC252F9EAC00F76BE5 /* PortfolioWatchApp.swift */,
				FFA5E788253A4C850078CFA4 /* Coordinator */,
				FF25D5D0252F9FC300F76BE5 /* ShareView */,
				FF25D5CF252F9FB800F76BE5 /* PortfolioView */,
				FF25D5B6252F9EAC00F76BE5 /* Assets.xcassets */,
				FF25D5BB252F9EAC00F76BE5 /* Info.plist */,
				FF25D5BC252F9EAC00F76BE5 /* PushNotificationPayload.apns */,
				FF25D5B8252F9EAC00F76BE5 /* Preview Content */,
			);
			path = "WatchPortfolio Extension";
			sourceTree = "<group>";
		};
		FF25D5B8252F9EAC00F76BE5 /* Preview Content */ = {
			isa = PBXGroup;
			children = (
				FF25D5B9252F9EAC00F76BE5 /* Preview Assets.xcassets */,
			);
			path = "Preview Content";
			sourceTree = "<group>";
		};
		FF25D5CF252F9FB800F76BE5 /* PortfolioView */ = {
			isa = PBXGroup;
			children = (
				FF0476ED2534A3D400F9B422 /* PortfolioWatchView.swift */,
			);
			path = PortfolioView;
			sourceTree = "<group>";
		};
		FF25D5D0252F9FC300F76BE5 /* ShareView */ = {
			isa = PBXGroup;
			children = (
				FFFCD274253A3C530063C7DD /* ShareWatchView.swift */,
			);
			path = ShareView;
			sourceTree = "<group>";
		};
		FF90CC40248BC63200352AB1 = {
			isa = PBXGroup;
			children = (
				FF90CC4B248BC63200352AB1 /* Portfolio */,
				FF25D59F252F9EAB00F76BE5 /* WatchPortfolio */,
				FF25D5AB252F9EAC00F76BE5 /* WatchPortfolio Extension */,
				FF90CC4A248BC63200352AB1 /* Products */,
			);
			sourceTree = "<group>";
		};
		FF90CC4A248BC63200352AB1 /* Products */ = {
			isa = PBXGroup;
			children = (
				FF90CC49248BC63200352AB1 /* Portfolio.app */,
				FF25D59E252F9EAB00F76BE5 /* WatchPortfolio.app */,
				FF25D5A7252F9EAB00F76BE5 /* WatchPortfolio Extension.appex */,
			);
			name = Products;
			sourceTree = "<group>";
		};
		FF90CC4B248BC63200352AB1 /* Portfolio */ = {
			isa = PBXGroup;
			children = (
				FF3210E624CCCBA100FF0986 /* PortfolioApp.swift */,
				FFB04937252BAF9A0075BB79 /* Coordinator */,
				FFD0FAFA248BCB81005FD94F /* Model */,
				FFD0FAF4248BC778005FD94F /* Network */,
				FFD0FAF2248BC748005FD94F /* PortfolioView */,
				FFB04932252BAF3D0075BB79 /* ShareView */,
				FF0476F52534A69700F9B422 /* Utility */,
				FFB0493C252BAFEB0075BB79 /* Views */,
				FF90CC55248BC63300352AB1 /* Assets.xcassets */,
				FF90CC5D248BC63300352AB1 /* Info.plist */,
				FF90CC57248BC63300352AB1 /* Preview Content */,
			);
			path = Portfolio;
			sourceTree = "<group>";
		};
		FF90CC57248BC63300352AB1 /* Preview Content */ = {
			isa = PBXGroup;
			children = (
				FF90CC58248BC63300352AB1 /* Preview Assets.xcassets */,
			);
			path = "Preview Content";
			sourceTree = "<group>";
		};
		FFA5E788253A4C850078CFA4 /* Coordinator */ = {
			isa = PBXGroup;
			children = (
				FFA5E783253A4C800078CFA4 /* Coordinator+WatchExtension.swift */,
			);
			path = Coordinator;
			sourceTree = "<group>";
		};
		FFB04932252BAF3D0075BB79 /* ShareView */ = {
			isa = PBXGroup;
			children = (
				FFB0492B252BAED70075BB79 /* ShareView.swift */,
				FFB0492F252BAF300075BB79 /* ShareViewModel.swift */,
			);
			path = ShareView;
			sourceTree = "<group>";
		};
		FFB04937252BAF9A0075BB79 /* Coordinator */ = {
			isa = PBXGroup;
			children = (
				FFB04938252BAFAE0075BB79 /* Coordinator.swift */,
				FFA5E778253A48B00078CFA4 /* Coordinator+Extension.swift */,
			);
			path = Coordinator;
			sourceTree = "<group>";
		};
		FFB0493C252BAFEB0075BB79 /* Views */ = {
			isa = PBXGroup;
			children = (
				FFB04943252BB03E0075BB79 /* ErrorView.swift */,
				FFB04940252BB0220075BB79 /* LoadingView.swift */,
			);
			path = Views;
			sourceTree = "<group>";
		};
		FFD0FAF2248BC748005FD94F /* PortfolioView */ = {
			isa = PBXGroup;
			children = (
				FFB04928252BAECB0075BB79 /* PortfolioView.swift */,
				FFC677A8248D09ED00D16F6F /* PortfolioViewModel.swift */,
			);
			path = PortfolioView;
			sourceTree = "<group>";
		};
		FFD0FAF4248BC778005FD94F /* Network */ = {
			isa = PBXGroup;
			children = (
				FFD0FAF8248BC9A4005FD94F /* NetworkLayer.swift */,
			);
			path = Network;
			sourceTree = "<group>";
		};
		FFD0FAFA248BCB81005FD94F /* Model */ = {
			isa = PBXGroup;
			children = (
				FFB04947252BB0D60075BB79 /* Error.swift */,
				FFB04934252BAF8B0075BB79 /* Symbol.swift */,
			);
			path = Model;
			sourceTree = "<group>";
		};
/* End PBXGroup section */

/* Begin PBXNativeTarget section */
		FF25D59D252F9EAB00F76BE5 /* WatchPortfolio */ = {
			isa = PBXNativeTarget;
			buildConfigurationList = FF25D5C7252F9EAC00F76BE5 /* Build configuration list for PBXNativeTarget "WatchPortfolio" */;
			buildPhases = (
				FF25D59C252F9EAB00F76BE5 /* Resources */,
				FF25D5C3252F9EAC00F76BE5 /* Embed App Extensions */,
			);
			buildRules = (
			);
			dependencies = (
				FF25D5AA252F9EAB00F76BE5 /* PBXTargetDependency */,
			);
			name = WatchPortfolio;
			productName = WatchPortfolio;
			productReference = FF25D59E252F9EAB00F76BE5 /* WatchPortfolio.app */;
			productType = "com.apple.product-type.application.watchapp2";
		};
		FF25D5A6252F9EAB00F76BE5 /* WatchPortfolio Extension */ = {
			isa = PBXNativeTarget;
			buildConfigurationList = FF25D5C6252F9EAC00F76BE5 /* Build configuration list for PBXNativeTarget "WatchPortfolio Extension" */;
			buildPhases = (
				FF25D5A3252F9EAB00F76BE5 /* Sources */,
				FF25D5A4252F9EAB00F76BE5 /* Frameworks */,
				FF25D5A5252F9EAB00F76BE5 /* Resources */,
			);
			buildRules = (
			);
			dependencies = (
			);
			name = "WatchPortfolio Extension";
			productName = "WatchPortfolio Extension";
			productReference = FF25D5A7252F9EAB00F76BE5 /* WatchPortfolio Extension.appex */;
			productType = "com.apple.product-type.watchkit2-extension";
		};
		FF90CC48248BC63200352AB1 /* Portfolio */ = {
			isa = PBXNativeTarget;
			buildConfigurationList = FF90CC60248BC63300352AB1 /* Build configuration list for PBXNativeTarget "Portfolio" */;
			buildPhases = (
				FF90CC45248BC63200352AB1 /* Sources */,
				FF90CC46248BC63200352AB1 /* Frameworks */,
				FF90CC47248BC63200352AB1 /* Resources */,
				FF25D5C0252F9EAC00F76BE5 /* Embed Watch Content */,
			);
			buildRules = (
			);
			dependencies = (
				FF25D5BE252F9EAC00F76BE5 /* PBXTargetDependency */,
			);
			name = Portfolio;
			packageProductDependencies = (
			);
			productName = Portfolio;
			productReference = FF90CC49248BC63200352AB1 /* Portfolio.app */;
			productType = "com.apple.product-type.application";
		};
/* End PBXNativeTarget section */

/* Begin PBXProject section */
		FF90CC41248BC63200352AB1 /* Project object */ = {
			isa = PBXProject;
			attributes = {
				LastSwiftUpdateCheck = 1200;
				LastUpgradeCheck = 1200;
				ORGANIZATIONNAME = "Paul Weichhart";
				TargetAttributes = {
					FF25D59D252F9EAB00F76BE5 = {
						CreatedOnToolsVersion = 12.0;
					};
					FF25D5A6252F9EAB00F76BE5 = {
						CreatedOnToolsVersion = 12.0;
					};
					FF90CC48248BC63200352AB1 = {
						CreatedOnToolsVersion = 11.4.1;
					};
				};
			};
			buildConfigurationList = FF90CC44248BC63200352AB1 /* Build configuration list for PBXProject "Portfolio" */;
			compatibilityVersion = "Xcode 9.3";
			developmentRegion = en;
			hasScannedForEncodings = 0;
			knownRegions = (
				en,
				Base,
			);
			mainGroup = FF90CC40248BC63200352AB1;
			packageReferences = (
			);
			productRefGroup = FF90CC4A248BC63200352AB1 /* Products */;
			projectDirPath = "";
			projectRoot = "";
			targets = (
				FF90CC48248BC63200352AB1 /* Portfolio */,
				FF25D59D252F9EAB00F76BE5 /* WatchPortfolio */,
				FF25D5A6252F9EAB00F76BE5 /* WatchPortfolio Extension */,
			);
		};
/* End PBXProject section */

/* Begin PBXResourcesBuildPhase section */
		FF25D59C252F9EAB00F76BE5 /* Resources */ = {
			isa = PBXResourcesBuildPhase;
			buildActionMask = 2147483647;
			files = (
				FF25D5A1252F9EAB00F76BE5 /* Assets.xcassets in Resources */,
			);
			runOnlyForDeploymentPostprocessing = 0;
		};
		FF25D5A5252F9EAB00F76BE5 /* Resources */ = {
			isa = PBXResourcesBuildPhase;
			buildActionMask = 2147483647;
			files = (
				FF25D5BA252F9EAC00F76BE5 /* Preview Assets.xcassets in Resources */,
				FF25D5B7252F9EAC00F76BE5 /* Assets.xcassets in Resources */,
			);
			runOnlyForDeploymentPostprocessing = 0;
		};
		FF90CC47248BC63200352AB1 /* Resources */ = {
			isa = PBXResourcesBuildPhase;
			buildActionMask = 2147483647;
			files = (
				FF90CC59248BC63300352AB1 /* Preview Assets.xcassets in Resources */,
				FF90CC56248BC63300352AB1 /* Assets.xcassets in Resources */,
			);
			runOnlyForDeploymentPostprocessing = 0;
		};
/* End PBXResourcesBuildPhase section */

/* Begin PBXSourcesBuildPhase section */
		FF25D5A3252F9EAB00F76BE5 /* Sources */ = {
			isa = PBXSourcesBuildPhase;
			buildActionMask = 2147483647;
			files = (
				FF0476C625349F8300F9B422 /* NetworkLayer.swift in Sources */,
				FF0476D225349F9500F9B422 /* PortfolioView.swift in Sources */,
				FFA5E784253A4C800078CFA4 /* Coordinator+WatchExtension.swift in Sources */,
				FF0476CA25349F8C00F9B422 /* Coordinator.swift in Sources */,
				FF25D5AD252F9EAC00F76BE5 /* PortfolioWatchApp.swift in Sources */,
				FF0476E625349FA300F9B422 /* LoadingView.swift in Sources */,
				FF0476D625349F9700F9B422 /* PortfolioViewModel.swift in Sources */,
				FF0476DA25349F9B00F9B422 /* ShareView.swift in Sources */,
				FF0476F82534A6B500F9B422 /* Utility.swift in Sources */,
				FF0476EE2534A3D400F9B422 /* PortfolioWatchView.swift in Sources */,
				FF0476CE25349F8F00F9B422 /* Error.swift in Sources */,
				FFFCD276253A3C530063C7DD /* ShareWatchView.swift in Sources */,
				FF0476DE25349F9D00F9B422 /* ShareViewModel.swift in Sources */,
				FF25D5CB252F9F1C00F76BE5 /* Symbol.swift in Sources */,
				FF0476E225349FA100F9B422 /* ErrorView.swift in Sources */,
			);
			runOnlyForDeploymentPostprocessing = 0;
		};
		FF90CC45248BC63200352AB1 /* Sources */ = {
			isa = PBXSourcesBuildPhase;
			buildActionMask = 2147483647;
			files = (
				FFB04939252BAFAE0075BB79 /* Coordinator.swift in Sources */,
				FFB04930252BAF300075BB79 /* ShareViewModel.swift in Sources */,
				FFB04941252BB0220075BB79 /* LoadingView.swift in Sources */,
				FFB04948252BB0D60075BB79 /* Error.swift in Sources */,
				FFB0492C252BAED70075BB79 /* ShareView.swift in Sources */,
				FFD0FAF9248BC9A4005FD94F /* NetworkLayer.swift in Sources */,
				FF3210E724CCCBA100FF0986 /* PortfolioApp.swift in Sources */,
				FFB04935252BAF8B0075BB79 /* Symbol.swift in Sources */,
				FFA5E779253A48B00078CFA4 /* Coordinator+Extension.swift in Sources */,
				FF0476F72534A6B500F9B422 /* Utility.swift in Sources */,
				FFC677A9248D09ED00D16F6F /* PortfolioViewModel.swift in Sources */,
				FFB04929252BAECB0075BB79 /* PortfolioView.swift in Sources */,
				FFB04944252BB03E0075BB79 /* ErrorView.swift in Sources */,
			);
			runOnlyForDeploymentPostprocessing = 0;
		};
/* End PBXSourcesBuildPhase section */

/* Begin PBXTargetDependency section */
		FF25D5AA252F9EAB00F76BE5 /* PBXTargetDependency */ = {
			isa = PBXTargetDependency;
			target = FF25D5A6252F9EAB00F76BE5 /* WatchPortfolio Extension */;
			targetProxy = FF25D5A9252F9EAB00F76BE5 /* PBXContainerItemProxy */;
		};
		FF25D5BE252F9EAC00F76BE5 /* PBXTargetDependency */ = {
			isa = PBXTargetDependency;
			target = FF25D59D252F9EAB00F76BE5 /* WatchPortfolio */;
			targetProxy = FF25D5BD252F9EAC00F76BE5 /* PBXContainerItemProxy */;
		};
/* End PBXTargetDependency section */

/* Begin XCBuildConfiguration section */
		FF25D5C1252F9EAC00F76BE5 /* Debug */ = {
			isa = XCBuildConfiguration;
			buildSettings = {
				ALWAYS_EMBED_SWIFT_STANDARD_LIBRARIES = YES;
				ASSETCATALOG_COMPILER_APPICON_NAME = AppIcon;
				ASSETCATALOG_COMPILER_GLOBAL_ACCENT_COLOR_NAME = AccentColor;
				CODE_SIGN_STYLE = Automatic;
				DEVELOPMENT_TEAM = M5E86B9E63;
				IBSC_MODULE = WatchPortfolio_Extension;
				INFOPLIST_FILE = WatchPortfolio/Info.plist;
				PRODUCT_BUNDLE_IDENTIFIER = com.paulweichhart.Portfolio.watchkitapp;
				PRODUCT_NAME = "$(TARGET_NAME)";
				SDKROOT = watchos;
				SKIP_INSTALL = YES;
				SWIFT_VERSION = 5.0;
				TARGETED_DEVICE_FAMILY = 4;
				WATCHOS_DEPLOYMENT_TARGET = 7.0;
			};
			name = Debug;
		};
		FF25D5C2252F9EAC00F76BE5 /* Release */ = {
			isa = XCBuildConfiguration;
			buildSettings = {
				ALWAYS_EMBED_SWIFT_STANDARD_LIBRARIES = YES;
				ASSETCATALOG_COMPILER_APPICON_NAME = AppIcon;
				ASSETCATALOG_COMPILER_GLOBAL_ACCENT_COLOR_NAME = AccentColor;
				CODE_SIGN_STYLE = Automatic;
				DEVELOPMENT_TEAM = M5E86B9E63;
				IBSC_MODULE = WatchPortfolio_Extension;
				INFOPLIST_FILE = WatchPortfolio/Info.plist;
				PRODUCT_BUNDLE_IDENTIFIER = com.paulweichhart.Portfolio.watchkitapp;
				PRODUCT_NAME = "$(TARGET_NAME)";
				SDKROOT = watchos;
				SKIP_INSTALL = YES;
				SWIFT_VERSION = 5.0;
				TARGETED_DEVICE_FAMILY = 4;
				WATCHOS_DEPLOYMENT_TARGET = 7.0;
			};
			name = Release;
		};
		FF25D5C4252F9EAC00F76BE5 /* Debug */ = {
			isa = XCBuildConfiguration;
			buildSettings = {
				ASSETCATALOG_COMPILER_COMPLICATION_NAME = Complication;
				CODE_SIGN_STYLE = Automatic;
				DEVELOPMENT_ASSET_PATHS = "\"WatchPortfolio Extension/Preview Content\"";
				ENABLE_PREVIEWS = YES;
				INFOPLIST_FILE = "WatchPortfolio Extension/Info.plist";
				LD_RUNPATH_SEARCH_PATHS = (
					"$(inherited)",
					"@executable_path/Frameworks",
					"@executable_path/../../Frameworks",
				);
				PRODUCT_BUNDLE_IDENTIFIER = com.paulweichhart.Portfolio.watchkitapp.watchkitextension;
				PRODUCT_NAME = "${TARGET_NAME}";
				SDKROOT = watchos;
				SKIP_INSTALL = YES;
				SWIFT_VERSION = 5.0;
				TARGETED_DEVICE_FAMILY = 4;
				WATCHOS_DEPLOYMENT_TARGET = 7.0;
			};
			name = Debug;
		};
		FF25D5C5252F9EAC00F76BE5 /* Release */ = {
			isa = XCBuildConfiguration;
			buildSettings = {
				ASSETCATALOG_COMPILER_COMPLICATION_NAME = Complication;
				CODE_SIGN_STYLE = Automatic;
				DEVELOPMENT_ASSET_PATHS = "\"WatchPortfolio Extension/Preview Content\"";
				ENABLE_PREVIEWS = YES;
				INFOPLIST_FILE = "WatchPortfolio Extension/Info.plist";
				LD_RUNPATH_SEARCH_PATHS = (
					"$(inherited)",
					"@executable_path/Frameworks",
					"@executable_path/../../Frameworks",
				);
				PRODUCT_BUNDLE_IDENTIFIER = com.paulweichhart.Portfolio.watchkitapp.watchkitextension;
				PRODUCT_NAME = "${TARGET_NAME}";
				SDKROOT = watchos;
				SKIP_INSTALL = YES;
				SWIFT_VERSION = 5.0;
				TARGETED_DEVICE_FAMILY = 4;
				WATCHOS_DEPLOYMENT_TARGET = 7.0;
			};
			name = Release;
		};
		FF90CC5E248BC63300352AB1 /* Debug */ = {
			isa = XCBuildConfiguration;
			buildSettings = {
				ALWAYS_SEARCH_USER_PATHS = NO;
				CLANG_ANALYZER_NONNULL = YES;
				CLANG_ANALYZER_NUMBER_OBJECT_CONVERSION = YES_AGGRESSIVE;
				CLANG_CXX_LANGUAGE_STANDARD = "gnu++14";
				CLANG_CXX_LIBRARY = "libc++";
				CLANG_ENABLE_MODULES = YES;
				CLANG_ENABLE_OBJC_ARC = YES;
				CLANG_ENABLE_OBJC_WEAK = YES;
				CLANG_WARN_BLOCK_CAPTURE_AUTORELEASING = YES;
				CLANG_WARN_BOOL_CONVERSION = YES;
				CLANG_WARN_COMMA = YES;
				CLANG_WARN_CONSTANT_CONVERSION = YES;
				CLANG_WARN_DEPRECATED_OBJC_IMPLEMENTATIONS = YES;
				CLANG_WARN_DIRECT_OBJC_ISA_USAGE = YES_ERROR;
				CLANG_WARN_DOCUMENTATION_COMMENTS = YES;
				CLANG_WARN_EMPTY_BODY = YES;
				CLANG_WARN_ENUM_CONVERSION = YES;
				CLANG_WARN_INFINITE_RECURSION = YES;
				CLANG_WARN_INT_CONVERSION = YES;
				CLANG_WARN_NON_LITERAL_NULL_CONVERSION = YES;
				CLANG_WARN_OBJC_IMPLICIT_RETAIN_SELF = YES;
				CLANG_WARN_OBJC_LITERAL_CONVERSION = YES;
				CLANG_WARN_OBJC_ROOT_CLASS = YES_ERROR;
				CLANG_WARN_QUOTED_INCLUDE_IN_FRAMEWORK_HEADER = YES;
				CLANG_WARN_RANGE_LOOP_ANALYSIS = YES;
				CLANG_WARN_STRICT_PROTOTYPES = YES;
				CLANG_WARN_SUSPICIOUS_MOVE = YES;
				CLANG_WARN_UNGUARDED_AVAILABILITY = YES_AGGRESSIVE;
				CLANG_WARN_UNREACHABLE_CODE = YES;
				CLANG_WARN__DUPLICATE_METHOD_MATCH = YES;
				COPY_PHASE_STRIP = NO;
				DEBUG_INFORMATION_FORMAT = dwarf;
				ENABLE_STRICT_OBJC_MSGSEND = YES;
				ENABLE_TESTABILITY = YES;
				GCC_C_LANGUAGE_STANDARD = gnu11;
				GCC_DYNAMIC_NO_PIC = NO;
				GCC_NO_COMMON_BLOCKS = YES;
				GCC_OPTIMIZATION_LEVEL = 0;
				GCC_PREPROCESSOR_DEFINITIONS = (
					"DEBUG=1",
					"$(inherited)",
				);
				GCC_WARN_64_TO_32_BIT_CONVERSION = YES;
				GCC_WARN_ABOUT_RETURN_TYPE = YES_ERROR;
				GCC_WARN_UNDECLARED_SELECTOR = YES;
				GCC_WARN_UNINITIALIZED_AUTOS = YES_AGGRESSIVE;
				GCC_WARN_UNUSED_FUNCTION = YES;
				GCC_WARN_UNUSED_VARIABLE = YES;
				IPHONEOS_DEPLOYMENT_TARGET = 14.0;
				MTL_ENABLE_DEBUG_INFO = INCLUDE_SOURCE;
				MTL_FAST_MATH = YES;
				ONLY_ACTIVE_ARCH = YES;
				SDKROOT = iphoneos;
				SWIFT_ACTIVE_COMPILATION_CONDITIONS = DEBUG;
				SWIFT_OPTIMIZATION_LEVEL = "-Onone";
				SWIFT_VERSION = 5.0;
			};
			name = Debug;
		};
		FF90CC5F248BC63300352AB1 /* Release */ = {
			isa = XCBuildConfiguration;
			buildSettings = {
				ALWAYS_SEARCH_USER_PATHS = NO;
				CLANG_ANALYZER_NONNULL = YES;
				CLANG_ANALYZER_NUMBER_OBJECT_CONVERSION = YES_AGGRESSIVE;
				CLANG_CXX_LANGUAGE_STANDARD = "gnu++14";
				CLANG_CXX_LIBRARY = "libc++";
				CLANG_ENABLE_MODULES = YES;
				CLANG_ENABLE_OBJC_ARC = YES;
				CLANG_ENABLE_OBJC_WEAK = YES;
				CLANG_WARN_BLOCK_CAPTURE_AUTORELEASING = YES;
				CLANG_WARN_BOOL_CONVERSION = YES;
				CLANG_WARN_COMMA = YES;
				CLANG_WARN_CONSTANT_CONVERSION = YES;
				CLANG_WARN_DEPRECATED_OBJC_IMPLEMENTATIONS = YES;
				CLANG_WARN_DIRECT_OBJC_ISA_USAGE = YES_ERROR;
				CLANG_WARN_DOCUMENTATION_COMMENTS = YES;
				CLANG_WARN_EMPTY_BODY = YES;
				CLANG_WARN_ENUM_CONVERSION = YES;
				CLANG_WARN_INFINITE_RECURSION = YES;
				CLANG_WARN_INT_CONVERSION = YES;
				CLANG_WARN_NON_LITERAL_NULL_CONVERSION = YES;
				CLANG_WARN_OBJC_IMPLICIT_RETAIN_SELF = YES;
				CLANG_WARN_OBJC_LITERAL_CONVERSION = YES;
				CLANG_WARN_OBJC_ROOT_CLASS = YES_ERROR;
				CLANG_WARN_QUOTED_INCLUDE_IN_FRAMEWORK_HEADER = YES;
				CLANG_WARN_RANGE_LOOP_ANALYSIS = YES;
				CLANG_WARN_STRICT_PROTOTYPES = YES;
				CLANG_WARN_SUSPICIOUS_MOVE = YES;
				CLANG_WARN_UNGUARDED_AVAILABILITY = YES_AGGRESSIVE;
				CLANG_WARN_UNREACHABLE_CODE = YES;
				CLANG_WARN__DUPLICATE_METHOD_MATCH = YES;
				COPY_PHASE_STRIP = NO;
				DEBUG_INFORMATION_FORMAT = "dwarf-with-dsym";
				ENABLE_NS_ASSERTIONS = NO;
				ENABLE_STRICT_OBJC_MSGSEND = YES;
				GCC_C_LANGUAGE_STANDARD = gnu11;
				GCC_NO_COMMON_BLOCKS = YES;
				GCC_WARN_64_TO_32_BIT_CONVERSION = YES;
				GCC_WARN_ABOUT_RETURN_TYPE = YES_ERROR;
				GCC_WARN_UNDECLARED_SELECTOR = YES;
				GCC_WARN_UNINITIALIZED_AUTOS = YES_AGGRESSIVE;
				GCC_WARN_UNUSED_FUNCTION = YES;
				GCC_WARN_UNUSED_VARIABLE = YES;
				IPHONEOS_DEPLOYMENT_TARGET = 14.0;
				MTL_ENABLE_DEBUG_INFO = NO;
				MTL_FAST_MATH = YES;
				SDKROOT = iphoneos;
				SWIFT_COMPILATION_MODE = wholemodule;
				SWIFT_OPTIMIZATION_LEVEL = "-O";
				SWIFT_VERSION = 5.0;
				VALIDATE_PRODUCT = YES;
			};
			name = Release;
		};
		FF90CC61248BC63300352AB1 /* Debug */ = {
			isa = XCBuildConfiguration;
			buildSettings = {
				ASSETCATALOG_COMPILER_APPICON_NAME = AppIcon;
				CODE_SIGN_STYLE = Automatic;
				DEVELOPMENT_ASSET_PATHS = "\"Portfolio/Preview Content\"";
				DEVELOPMENT_TEAM = M5E86B9E63;
				ENABLE_PREVIEWS = YES;
				INFOPLIST_FILE = Portfolio/Info.plist;
				IPHONEOS_DEPLOYMENT_TARGET = 14.0;
				LD_RUNPATH_SEARCH_PATHS = (
					"$(inherited)",
					"@executable_path/Frameworks",
				);
				PRODUCT_BUNDLE_IDENTIFIER = com.paulweichhart.Portfolio;
				PRODUCT_NAME = "$(TARGET_NAME)";
				TARGETED_DEVICE_FAMILY = "1,2";
			};
			name = Debug;
		};
		FF90CC62248BC63300352AB1 /* Release */ = {
			isa = XCBuildConfiguration;
			buildSettings = {
				ASSETCATALOG_COMPILER_APPICON_NAME = AppIcon;
				CODE_SIGN_STYLE = Automatic;
				DEVELOPMENT_ASSET_PATHS = "\"Portfolio/Preview Content\"";
				DEVELOPMENT_TEAM = M5E86B9E63;
				ENABLE_PREVIEWS = YES;
				INFOPLIST_FILE = Portfolio/Info.plist;
				IPHONEOS_DEPLOYMENT_TARGET = 14.0;
				LD_RUNPATH_SEARCH_PATHS = (
					"$(inherited)",
					"@executable_path/Frameworks",
				);
				PRODUCT_BUNDLE_IDENTIFIER = com.paulweichhart.Portfolio;
				PRODUCT_NAME = "$(TARGET_NAME)";
				TARGETED_DEVICE_FAMILY = "1,2";
			};
			name = Release;
		};
/* End XCBuildConfiguration section */

/* Begin XCConfigurationList section */
		FF25D5C6252F9EAC00F76BE5 /* Build configuration list for PBXNativeTarget "WatchPortfolio Extension" */ = {
			isa = XCConfigurationList;
			buildConfigurations = (
				FF25D5C4252F9EAC00F76BE5 /* Debug */,
				FF25D5C5252F9EAC00F76BE5 /* Release */,
			);
			defaultConfigurationIsVisible = 0;
			defaultConfigurationName = Release;
		};
		FF25D5C7252F9EAC00F76BE5 /* Build configuration list for PBXNativeTarget "WatchPortfolio" */ = {
			isa = XCConfigurationList;
			buildConfigurations = (
				FF25D5C1252F9EAC00F76BE5 /* Debug */,
				FF25D5C2252F9EAC00F76BE5 /* Release */,
			);
			defaultConfigurationIsVisible = 0;
			defaultConfigurationName = Release;
		};
		FF90CC44248BC63200352AB1 /* Build configuration list for PBXProject "Portfolio" */ = {
			isa = XCConfigurationList;
			buildConfigurations = (
				FF90CC5E248BC63300352AB1 /* Debug */,
				FF90CC5F248BC63300352AB1 /* Release */,
			);
			defaultConfigurationIsVisible = 0;
			defaultConfigurationName = Release;
		};
		FF90CC60248BC63300352AB1 /* Build configuration list for PBXNativeTarget "Portfolio" */ = {
			isa = XCConfigurationList;
			buildConfigurations = (
				FF90CC61248BC63300352AB1 /* Debug */,
				FF90CC62248BC63300352AB1 /* Release */,
			);
			defaultConfigurationIsVisible = 0;
			defaultConfigurationName = Release;
		};
/* End XCConfigurationList section */
	};
	rootObject = FF90CC41248BC63200352AB1 /* Project object */;
}
